// !$*UTF8*$!
{
	archiveVersion = 1;
	classes = {
	};
	objectVersion = 55;
	objects = {

/* Begin PBXBuildFile section */
		6D47A63D27C5856C00F87CA2 /* AppDelegate.swift in Sources */ = {isa = PBXBuildFile; fileRef = 6D47A63C27C5856C00F87CA2 /* AppDelegate.swift */; };
		6D47A63F27C5856C00F87CA2 /* SceneDelegate.swift in Sources */ = {isa = PBXBuildFile; fileRef = 6D47A63E27C5856C00F87CA2 /* SceneDelegate.swift */; };
		6D47A64127C5856C00F87CA2 /* ViewController.swift in Sources */ = {isa = PBXBuildFile; fileRef = 6D47A64027C5856C00F87CA2 /* ViewController.swift */; };
		6D47A64427C5856C00F87CA2 /* Main.storyboard in Resources */ = {isa = PBXBuildFile; fileRef = 6D47A64227C5856C00F87CA2 /* Main.storyboard */; };
		6D47A64627C5856D00F87CA2 /* Assets.xcassets in Resources */ = {isa = PBXBuildFile; fileRef = 6D47A64527C5856D00F87CA2 /* Assets.xcassets */; };
		6D47A64927C5856D00F87CA2 /* LaunchScreen.storyboard in Resources */ = {isa = PBXBuildFile; fileRef = 6D47A64727C5856D00F87CA2 /* LaunchScreen.storyboard */; };
		6D47A65527C5875200F87CA2 /* GoogleService-Info.plist in Resources */ = {isa = PBXBuildFile; fileRef = 6D47A65427C5875200F87CA2 /* GoogleService-Info.plist */; };
		6D5DC40627C6C63500642329 /* LoginViewController.swift in Sources */ = {isa = PBXBuildFile; fileRef = 6D5DC40527C6C63500642329 /* LoginViewController.swift */; };
		6D5DC40827C6D22A00642329 /* SignUpViewController.swift in Sources */ = {isa = PBXBuildFile; fileRef = 6D5DC40727C6D22A00642329 /* SignUpViewController.swift */; };
		6D5DC40B27C6DA0E00642329 /* FirebaseAuth in Frameworks */ = {isa = PBXBuildFile; productRef = 6D5DC40A27C6DA0E00642329 /* FirebaseAuth */; };
		6D5DC40D27C6DA0E00642329 /* FirebaseDatabase in Frameworks */ = {isa = PBXBuildFile; productRef = 6D5DC40C27C6DA0E00642329 /* FirebaseDatabase */; };
		6D5DC40F27C6DA0E00642329 /* FirebaseDatabaseSwift-Beta in Frameworks */ = {isa = PBXBuildFile; productRef = 6D5DC40E27C6DA0E00642329 /* FirebaseDatabaseSwift-Beta */; };
		6D74CE6927C8271C00476397 /* FirebaseFirestore in Frameworks */ = {isa = PBXBuildFile; productRef = 6D74CE6827C8271C00476397 /* FirebaseFirestore */; };
		6D74CE6B27C8271C00476397 /* FirebaseStorage in Frameworks */ = {isa = PBXBuildFile; productRef = 6D74CE6A27C8271C00476397 /* FirebaseStorage */; };
		6D74CE6D27C82D5000476397 /* FirebaseStorageController.swift in Sources */ = {isa = PBXBuildFile; fileRef = 6D74CE6C27C82D5000476397 /* FirebaseStorageController.swift */; };
		6D74CE7027C8536100476397 /* LoginView.storyboard in Resources */ = {isa = PBXBuildFile; fileRef = 6D74CE6E27C8536100476397 /* LoginView.storyboard */; };
		6D74CE7427C8539F00476397 /* SignUpView.storyboard in Resources */ = {isa = PBXBuildFile; fileRef = 6D74CE7327C8539F00476397 /* SignUpView.storyboard */; };
		6D74CE7727C853BB00476397 /* BillDetailsView.storyboard in Resources */ = {isa = PBXBuildFile; fileRef = 6D74CE7527C853BB00476397 /* BillDetailsView.storyboard */; };
		6D74CE7A27C8541000476397 /* MyBillsListView.storyboard in Resources */ = {isa = PBXBuildFile; fileRef = 6D74CE7927C8541000476397 /* MyBillsListView.storyboard */; };
		6DA87AAF27C58C6E00F248A8 /* Bill.swift in Sources */ = {isa = PBXBuildFile; fileRef = 6DA87AAE27C58C6E00F248A8 /* Bill.swift */; };
		6DA87AB127C59DF700F248A8 /* FirebaseController.swift in Sources */ = {isa = PBXBuildFile; fileRef = 6DA87AB027C59DF700F248A8 /* FirebaseController.swift */; };
		6DA87AB327C59F2300F248A8 /* ListTVCModel.swift in Sources */ = {isa = PBXBuildFile; fileRef = 6DA87AB227C59F2300F248A8 /* ListTVCModel.swift */; };
		6DA87AB527C59F8800F248A8 /* ListTableViewController.swift in Sources */ = {isa = PBXBuildFile; fileRef = 6DA87AB427C59F8800F248A8 /* ListTableViewController.swift */; };
		6DA87AB727C5A30C00F248A8 /* DetailViewModel.swift in Sources */ = {isa = PBXBuildFile; fileRef = 6DA87AB627C5A30C00F248A8 /* DetailViewModel.swift */; };
		6DA87AB927C5A5A600F248A8 /* DetailViewController.swift in Sources */ = {isa = PBXBuildFile; fileRef = 6DA87AB827C5A5A600F248A8 /* DetailViewController.swift */; };
/* End PBXBuildFile section */

/* Begin PBXFileReference section */
		6D47A63927C5856C00F87CA2 /* MyBills_RTDB.app */ = {isa = PBXFileReference; explicitFileType = wrapper.application; includeInIndex = 0; path = MyBills_RTDB.app; sourceTree = BUILT_PRODUCTS_DIR; };
		6D47A63C27C5856C00F87CA2 /* AppDelegate.swift */ = {isa = PBXFileReference; lastKnownFileType = sourcecode.swift; path = AppDelegate.swift; sourceTree = "<group>"; };
		6D47A63E27C5856C00F87CA2 /* SceneDelegate.swift */ = {isa = PBXFileReference; lastKnownFileType = sourcecode.swift; path = SceneDelegate.swift; sourceTree = "<group>"; };
		6D47A64027C5856C00F87CA2 /* ViewController.swift */ = {isa = PBXFileReference; lastKnownFileType = sourcecode.swift; path = ViewController.swift; sourceTree = "<group>"; };
		6D47A64327C5856C00F87CA2 /* Base */ = {isa = PBXFileReference; lastKnownFileType = file.storyboard; name = Base; path = Base.lproj/Main.storyboard; sourceTree = "<group>"; };
		6D47A64527C5856D00F87CA2 /* Assets.xcassets */ = {isa = PBXFileReference; lastKnownFileType = folder.assetcatalog; path = Assets.xcassets; sourceTree = "<group>"; };
		6D47A64827C5856D00F87CA2 /* Base */ = {isa = PBXFileReference; lastKnownFileType = file.storyboard; name = Base; path = Base.lproj/LaunchScreen.storyboard; sourceTree = "<group>"; };
		6D47A64A27C5856D00F87CA2 /* Info.plist */ = {isa = PBXFileReference; lastKnownFileType = text.plist.xml; path = Info.plist; sourceTree = "<group>"; };
		6D47A65427C5875200F87CA2 /* GoogleService-Info.plist */ = {isa = PBXFileReference; fileEncoding = 4; lastKnownFileType = text.plist.xml; path = "GoogleService-Info.plist"; sourceTree = "<group>"; };
		6D5DC40527C6C63500642329 /* LoginViewController.swift */ = {isa = PBXFileReference; lastKnownFileType = sourcecode.swift; path = LoginViewController.swift; sourceTree = "<group>"; };
		6D5DC40727C6D22A00642329 /* SignUpViewController.swift */ = {isa = PBXFileReference; lastKnownFileType = sourcecode.swift; path = SignUpViewController.swift; sourceTree = "<group>"; };
		6D74CE6C27C82D5000476397 /* FirebaseStorageController.swift */ = {isa = PBXFileReference; lastKnownFileType = sourcecode.swift; path = FirebaseStorageController.swift; sourceTree = "<group>"; };
		6D74CE6F27C8536100476397 /* Base */ = {isa = PBXFileReference; lastKnownFileType = file.storyboard; name = Base; path = MyBills_RTDB/Base.lproj/LoginView.storyboard; sourceTree = "<group>"; };
		6D74CE7327C8539F00476397 /* SignUpView.storyboard */ = {isa = PBXFileReference; fileEncoding = 4; lastKnownFileType = file.storyboard; path = SignUpView.storyboard; sourceTree = "<group>"; };
		6D74CE7627C853BB00476397 /* Base */ = {isa = PBXFileReference; lastKnownFileType = file.storyboard; name = Base; path = MyBills_RTDB/Base.lproj/BillDetailsView.storyboard; sourceTree = "<group>"; };
		6D74CE7927C8541000476397 /* MyBillsListView.storyboard */ = {isa = PBXFileReference; fileEncoding = 4; lastKnownFileType = file.storyboard; path = MyBillsListView.storyboard; sourceTree = "<group>"; };
		6DA87AAE27C58C6E00F248A8 /* Bill.swift */ = {isa = PBXFileReference; lastKnownFileType = sourcecode.swift; path = Bill.swift; sourceTree = "<group>"; };
		6DA87AB027C59DF700F248A8 /* FirebaseController.swift */ = {isa = PBXFileReference; lastKnownFileType = sourcecode.swift; path = FirebaseController.swift; sourceTree = "<group>"; };
		6DA87AB227C59F2300F248A8 /* ListTVCModel.swift */ = {isa = PBXFileReference; lastKnownFileType = sourcecode.swift; path = ListTVCModel.swift; sourceTree = "<group>"; };
		6DA87AB427C59F8800F248A8 /* ListTableViewController.swift */ = {isa = PBXFileReference; lastKnownFileType = sourcecode.swift; path = ListTableViewController.swift; sourceTree = "<group>"; };
		6DA87AB627C5A30C00F248A8 /* DetailViewModel.swift */ = {isa = PBXFileReference; lastKnownFileType = sourcecode.swift; path = DetailViewModel.swift; sourceTree = "<group>"; };
		6DA87AB827C5A5A600F248A8 /* DetailViewController.swift */ = {isa = PBXFileReference; lastKnownFileType = sourcecode.swift; path = DetailViewController.swift; sourceTree = "<group>"; };
/* End PBXFileReference section */

/* Begin PBXFrameworksBuildPhase section */
		6D47A63627C5856C00F87CA2 /* Frameworks */ = {
			isa = PBXFrameworksBuildPhase;
			buildActionMask = 2147483647;
			files = (
				6D5DC40F27C6DA0E00642329 /* FirebaseDatabaseSwift-Beta in Frameworks */,
				6D74CE6927C8271C00476397 /* FirebaseFirestore in Frameworks */,
				6D5DC40D27C6DA0E00642329 /* FirebaseDatabase in Frameworks */,
				6D74CE6B27C8271C00476397 /* FirebaseStorage in Frameworks */,
				6D5DC40B27C6DA0E00642329 /* FirebaseAuth in Frameworks */,
			);
			runOnlyForDeploymentPostprocessing = 0;
		};
/* End PBXFrameworksBuildPhase section */

/* Begin PBXGroup section */
		6D47A63027C5856C00F87CA2 = {
			isa = PBXGroup;
			children = (
				6D47A63B27C5856C00F87CA2 /* MyBills_RTDB */,
				6D47A63A27C5856C00F87CA2 /* Products */,
				6D74CE6727C8271C00476397 /* Frameworks */,
			);
			sourceTree = "<group>";
		};
		6D47A63A27C5856C00F87CA2 /* Products */ = {
			isa = PBXGroup;
			children = (
				6D47A63927C5856C00F87CA2 /* MyBills_RTDB.app */,
			);
			name = Products;
			sourceTree = "<group>";
		};
		6D47A63B27C5856C00F87CA2 /* MyBills_RTDB */ = {
			isa = PBXGroup;
			children = (
				6D47A65327C586EE00F87CA2 /* Firebase */,
				6D47A65227C586E000F87CA2 /* Models */,
				6D47A65127C586D700F87CA2 /* Views */,
				6D47A65027C5864200F87CA2 /* Resources */,
				6D47A64227C5856C00F87CA2 /* Main.storyboard */,
			);
			path = MyBills_RTDB;
			sourceTree = "<group>";
		};
		6D47A65027C5864200F87CA2 /* Resources */ = {
			isa = PBXGroup;
			children = (
				6D47A65427C5875200F87CA2 /* GoogleService-Info.plist */,
				6D47A63C27C5856C00F87CA2 /* AppDelegate.swift */,
				6D47A63E27C5856C00F87CA2 /* SceneDelegate.swift */,
				6D47A64027C5856C00F87CA2 /* ViewController.swift */,
				6D47A64527C5856D00F87CA2 /* Assets.xcassets */,
				6D47A64A27C5856D00F87CA2 /* Info.plist */,
			);
			path = Resources;
			sourceTree = "<group>";
		};
		6D47A65127C586D700F87CA2 /* Views */ = {
			isa = PBXGroup;
			children = (
				6D74CE7827C853DC00476397 /* LaunchScreen */,
				6D5DC40427C6C4EE00642329 /* Authentication */,
				6D47A65627C587D200F87CA2 /* ListView */,
				6D47A65727C5880000F87CA2 /* DetailView */,
			);
			path = Views;
			sourceTree = "<group>";
		};
		6D47A65227C586E000F87CA2 /* Models */ = {
			isa = PBXGroup;
			children = (
				6DA87AAE27C58C6E00F248A8 /* Bill.swift */,
			);
			path = Models;
			sourceTree = "<group>";
		};
		6D47A65327C586EE00F87CA2 /* Firebase */ = {
			isa = PBXGroup;
			children = (
				6DA87AB027C59DF700F248A8 /* FirebaseController.swift */,
				6D74CE6C27C82D5000476397 /* FirebaseStorageController.swift */,
			);
			path = Firebase;
			sourceTree = "<group>";
		};
		6D47A65627C587D200F87CA2 /* ListView */ = {
			isa = PBXGroup;
			children = (
				6DA87AB227C59F2300F248A8 /* ListTVCModel.swift */,
				6DA87AB427C59F8800F248A8 /* ListTableViewController.swift */,
				6D74CE7927C8541000476397 /* MyBillsListView.storyboard */,
			);
			path = ListView;
			sourceTree = "<group>";
		};
		6D47A65727C5880000F87CA2 /* DetailView */ = {
			isa = PBXGroup;
			children = (
				6DA87AB627C5A30C00F248A8 /* DetailViewModel.swift */,
				6DA87AB827C5A5A600F248A8 /* DetailViewController.swift */,
				6D74CE7527C853BB00476397 /* BillDetailsView.storyboard */,
			);
			path = DetailView;
			sourceTree = "<group>";
		};
		6D5DC40427C6C4EE00642329 /* Authentication */ = {
			isa = PBXGroup;
			children = (
				6D74CE7227C8537D00476397 /* SignUp */,
				6D74CE7127C8536B00476397 /* Login */,
			);
			path = Authentication;
			sourceTree = "<group>";
		};
		6D74CE6727C8271C00476397 /* Frameworks */ = {
			isa = PBXGroup;
			children = (
			);
			name = Frameworks;
			sourceTree = "<group>";
		};
		6D74CE7127C8536B00476397 /* Login */ = {
			isa = PBXGroup;
			children = (
				6D5DC40527C6C63500642329 /* LoginViewController.swift */,
				6D74CE6E27C8536100476397 /* LoginView.storyboard */,
			);
			path = Login;
			sourceTree = "<group>";
		};
		6D74CE7227C8537D00476397 /* SignUp */ = {
			isa = PBXGroup;
			children = (
				6D5DC40727C6D22A00642329 /* SignUpViewController.swift */,
				6D74CE7327C8539F00476397 /* SignUpView.storyboard */,
			);
			path = SignUp;
			sourceTree = "<group>";
		};
		6D74CE7827C853DC00476397 /* LaunchScreen */ = {
			isa = PBXGroup;
			children = (
				6D47A64727C5856D00F87CA2 /* LaunchScreen.storyboard */,
			);
			path = LaunchScreen;
			sourceTree = "<group>";
		};
/* End PBXGroup section */

/* Begin PBXNativeTarget section */
		6D47A63827C5856C00F87CA2 /* MyBills_RTDB */ = {
			isa = PBXNativeTarget;
			buildConfigurationList = 6D47A64D27C5856D00F87CA2 /* Build configuration list for PBXNativeTarget "MyBills_RTDB" */;
			buildPhases = (
				6D47A63527C5856C00F87CA2 /* Sources */,
				6D47A63627C5856C00F87CA2 /* Frameworks */,
				6D47A63727C5856C00F87CA2 /* Resources */,
			);
			buildRules = (
			);
			dependencies = (
			);
			name = MyBills_RTDB;
			packageProductDependencies = (
				6D5DC40A27C6DA0E00642329 /* FirebaseAuth */,
				6D5DC40C27C6DA0E00642329 /* FirebaseDatabase */,
				6D5DC40E27C6DA0E00642329 /* FirebaseDatabaseSwift-Beta */,
				6D74CE6827C8271C00476397 /* FirebaseFirestore */,
				6D74CE6A27C8271C00476397 /* FirebaseStorage */,
			);
			productName = MyBills_RTDB;
			productReference = 6D47A63927C5856C00F87CA2 /* MyBills_RTDB.app */;
			productType = "com.apple.product-type.application";
		};
/* End PBXNativeTarget section */

/* Begin PBXProject section */
		6D47A63127C5856C00F87CA2 /* Project object */ = {
			isa = PBXProject;
			attributes = {
				BuildIndependentTargetsInParallel = 1;
				LastSwiftUpdateCheck = 1310;
				LastUpgradeCheck = 1310;
				TargetAttributes = {
					6D47A63827C5856C00F87CA2 = {
						CreatedOnToolsVersion = 13.1;
					};
				};
			};
			buildConfigurationList = 6D47A63427C5856C00F87CA2 /* Build configuration list for PBXProject "MyBills_RTDB" */;
			compatibilityVersion = "Xcode 13.0";
			developmentRegion = en;
			hasScannedForEncodings = 0;
			knownRegions = (
				en,
				Base,
			);
			mainGroup = 6D47A63027C5856C00F87CA2;
			packageReferences = (
				6D5DC40927C6DA0E00642329 /* XCRemoteSwiftPackageReference "firebase-ios-sdk" */,
			);
			productRefGroup = 6D47A63A27C5856C00F87CA2 /* Products */;
			projectDirPath = "";
			projectRoot = "";
			targets = (
				6D47A63827C5856C00F87CA2 /* MyBills_RTDB */,
			);
		};
/* End PBXProject section */

/* Begin PBXResourcesBuildPhase section */
		6D47A63727C5856C00F87CA2 /* Resources */ = {
			isa = PBXResourcesBuildPhase;
			buildActionMask = 2147483647;
			files = (
				6D47A64927C5856D00F87CA2 /* LaunchScreen.storyboard in Resources */,
				6D47A64627C5856D00F87CA2 /* Assets.xcassets in Resources */,
				6D74CE7727C853BB00476397 /* BillDetailsView.storyboard in Resources */,
				6D47A64427C5856C00F87CA2 /* Main.storyboard in Resources */,
				6D74CE7A27C8541000476397 /* MyBillsListView.storyboard in Resources */,
				6D47A65527C5875200F87CA2 /* GoogleService-Info.plist in Resources */,
				6D74CE7027C8536100476397 /* LoginView.storyboard in Resources */,
				6D74CE7427C8539F00476397 /* SignUpView.storyboard in Resources */,
			);
			runOnlyForDeploymentPostprocessing = 0;
		};
/* End PBXResourcesBuildPhase section */

/* Begin PBXSourcesBuildPhase section */
		6D47A63527C5856C00F87CA2 /* Sources */ = {
			isa = PBXSourcesBuildPhase;
			buildActionMask = 2147483647;
			files = (
				6D5DC40827C6D22A00642329 /* SignUpViewController.swift in Sources */,
				6DA87AB927C5A5A600F248A8 /* DetailViewController.swift in Sources */,
				6DA87AB127C59DF700F248A8 /* FirebaseController.swift in Sources */,
				6DA87AAF27C58C6E00F248A8 /* Bill.swift in Sources */,
				6D47A64127C5856C00F87CA2 /* ViewController.swift in Sources */,
				6D47A63D27C5856C00F87CA2 /* AppDelegate.swift in Sources */,
				6D47A63F27C5856C00F87CA2 /* SceneDelegate.swift in Sources */,
				6DA87AB327C59F2300F248A8 /* ListTVCModel.swift in Sources */,
				6DA87AB527C59F8800F248A8 /* ListTableViewController.swift in Sources */,
				6D74CE6D27C82D5000476397 /* FirebaseStorageController.swift in Sources */,
				6D5DC40627C6C63500642329 /* LoginViewController.swift in Sources */,
				6DA87AB727C5A30C00F248A8 /* DetailViewModel.swift in Sources */,
			);
			runOnlyForDeploymentPostprocessing = 0;
		};
/* End PBXSourcesBuildPhase section */

/* Begin PBXVariantGroup section */
		6D47A64227C5856C00F87CA2 /* Main.storyboard */ = {
			isa = PBXVariantGroup;
			children = (
				6D47A64327C5856C00F87CA2 /* Base */,
			);
			name = Main.storyboard;
			sourceTree = "<group>";
		};
		6D47A64727C5856D00F87CA2 /* LaunchScreen.storyboard */ = {
			isa = PBXVariantGroup;
			children = (
				6D47A64827C5856D00F87CA2 /* Base */,
			);
			name = LaunchScreen.storyboard;
			sourceTree = "<group>";
		};
		6D74CE6E27C8536100476397 /* LoginView.storyboard */ = {
			isa = PBXVariantGroup;
			children = (
				6D74CE6F27C8536100476397 /* Base */,
			);
			name = LoginView.storyboard;
			sourceTree = "<group>";
		};
		6D74CE7527C853BB00476397 /* BillDetailsView.storyboard */ = {
			isa = PBXVariantGroup;
			children = (
				6D74CE7627C853BB00476397 /* Base */,
			);
			name = BillDetailsView.storyboard;
			sourceTree = "<group>";
		};
/* End PBXVariantGroup section */

/* Begin XCBuildConfiguration section */
		6D47A64B27C5856D00F87CA2 /* Debug */ = {
			isa = XCBuildConfiguration;
			buildSettings = {
				ALWAYS_SEARCH_USER_PATHS = NO;
				CLANG_ANALYZER_NONNULL = YES;
				CLANG_ANALYZER_NUMBER_OBJECT_CONVERSION = YES_AGGRESSIVE;
				CLANG_CXX_LANGUAGE_STANDARD = "gnu++17";
				CLANG_CXX_LIBRARY = "libc++";
				CLANG_ENABLE_MODULES = YES;
				CLANG_ENABLE_OBJC_ARC = YES;
				CLANG_ENABLE_OBJC_WEAK = YES;
				CLANG_WARN_BLOCK_CAPTURE_AUTORELEASING = YES;
				CLANG_WARN_BOOL_CONVERSION = YES;
				CLANG_WARN_COMMA = YES;
				CLANG_WARN_CONSTANT_CONVERSION = YES;
				CLANG_WARN_DEPRECATED_OBJC_IMPLEMENTATIONS = YES;
				CLANG_WARN_DIRECT_OBJC_ISA_USAGE = YES_ERROR;
				CLANG_WARN_DOCUMENTATION_COMMENTS = YES;
				CLANG_WARN_EMPTY_BODY = YES;
				CLANG_WARN_ENUM_CONVERSION = YES;
				CLANG_WARN_INFINITE_RECURSION = YES;
				CLANG_WARN_INT_CONVERSION = YES;
				CLANG_WARN_NON_LITERAL_NULL_CONVERSION = YES;
				CLANG_WARN_OBJC_IMPLICIT_RETAIN_SELF = YES;
				CLANG_WARN_OBJC_LITERAL_CONVERSION = YES;
				CLANG_WARN_OBJC_ROOT_CLASS = YES_ERROR;
				CLANG_WARN_QUOTED_INCLUDE_IN_FRAMEWORK_HEADER = YES;
				CLANG_WARN_RANGE_LOOP_ANALYSIS = YES;
				CLANG_WARN_STRICT_PROTOTYPES = YES;
				CLANG_WARN_SUSPICIOUS_MOVE = YES;
				CLANG_WARN_UNGUARDED_AVAILABILITY = YES_AGGRESSIVE;
				CLANG_WARN_UNREACHABLE_CODE = YES;
				CLANG_WARN__DUPLICATE_METHOD_MATCH = YES;
				COPY_PHASE_STRIP = NO;
				DEBUG_INFORMATION_FORMAT = dwarf;
				ENABLE_STRICT_OBJC_MSGSEND = YES;
				ENABLE_TESTABILITY = YES;
				GCC_C_LANGUAGE_STANDARD = gnu11;
				GCC_DYNAMIC_NO_PIC = NO;
				GCC_NO_COMMON_BLOCKS = YES;
				GCC_OPTIMIZATION_LEVEL = 0;
				GCC_PREPROCESSOR_DEFINITIONS = (
					"DEBUG=1",
					"$(inherited)",
				);
				GCC_WARN_64_TO_32_BIT_CONVERSION = YES;
				GCC_WARN_ABOUT_RETURN_TYPE = YES_ERROR;
				GCC_WARN_UNDECLARED_SELECTOR = YES;
				GCC_WARN_UNINITIALIZED_AUTOS = YES_AGGRESSIVE;
				GCC_WARN_UNUSED_FUNCTION = YES;
				GCC_WARN_UNUSED_VARIABLE = YES;
				IPHONEOS_DEPLOYMENT_TARGET = 15.0;
				MTL_ENABLE_DEBUG_INFO = INCLUDE_SOURCE;
				MTL_FAST_MATH = YES;
				ONLY_ACTIVE_ARCH = YES;
				SDKROOT = iphoneos;
				SWIFT_ACTIVE_COMPILATION_CONDITIONS = DEBUG;
				SWIFT_OPTIMIZATION_LEVEL = "-Onone";
			};
			name = Debug;
		};
		6D47A64C27C5856D00F87CA2 /* Release */ = {
			isa = XCBuildConfiguration;
			buildSettings = {
				ALWAYS_SEARCH_USER_PATHS = NO;
				CLANG_ANALYZER_NONNULL = YES;
				CLANG_ANALYZER_NUMBER_OBJECT_CONVERSION = YES_AGGRESSIVE;
				CLANG_CXX_LANGUAGE_STANDARD = "gnu++17";
				CLANG_CXX_LIBRARY = "libc++";
				CLANG_ENABLE_MODULES = YES;
				CLANG_ENABLE_OBJC_ARC = YES;
				CLANG_ENABLE_OBJC_WEAK = YES;
				CLANG_WARN_BLOCK_CAPTURE_AUTORELEASING = YES;
				CLANG_WARN_BOOL_CONVERSION = YES;
				CLANG_WARN_COMMA = YES;
				CLANG_WARN_CONSTANT_CONVERSION = YES;
				CLANG_WARN_DEPRECATED_OBJC_IMPLEMENTATIONS = YES;
				CLANG_WARN_DIRECT_OBJC_ISA_USAGE = YES_ERROR;
				CLANG_WARN_DOCUMENTATION_COMMENTS = YES;
				CLANG_WARN_EMPTY_BODY = YES;
				CLANG_WARN_ENUM_CONVERSION = YES;
				CLANG_WARN_INFINITE_RECURSION = YES;
				CLANG_WARN_INT_CONVERSION = YES;
				CLANG_WARN_NON_LITERAL_NULL_CONVERSION = YES;
				CLANG_WARN_OBJC_IMPLICIT_RETAIN_SELF = YES;
				CLANG_WARN_OBJC_LITERAL_CONVERSION = YES;
				CLANG_WARN_OBJC_ROOT_CLASS = YES_ERROR;
				CLANG_WARN_QUOTED_INCLUDE_IN_FRAMEWORK_HEADER = YES;
				CLANG_WARN_RANGE_LOOP_ANALYSIS = YES;
				CLANG_WARN_STRICT_PROTOTYPES = YES;
				CLANG_WARN_SUSPICIOUS_MOVE = YES;
				CLANG_WARN_UNGUARDED_AVAILABILITY = YES_AGGRESSIVE;
				CLANG_WARN_UNREACHABLE_CODE = YES;
				CLANG_WARN__DUPLICATE_METHOD_MATCH = YES;
				COPY_PHASE_STRIP = NO;
				DEBUG_INFORMATION_FORMAT = "dwarf-with-dsym";
				ENABLE_NS_ASSERTIONS = NO;
				ENABLE_STRICT_OBJC_MSGSEND = YES;
				GCC_C_LANGUAGE_STANDARD = gnu11;
				GCC_NO_COMMON_BLOCKS = YES;
				GCC_WARN_64_TO_32_BIT_CONVERSION = YES;
				GCC_WARN_ABOUT_RETURN_TYPE = YES_ERROR;
				GCC_WARN_UNDECLARED_SELECTOR = YES;
				GCC_WARN_UNINITIALIZED_AUTOS = YES_AGGRESSIVE;
				GCC_WARN_UNUSED_FUNCTION = YES;
				GCC_WARN_UNUSED_VARIABLE = YES;
				IPHONEOS_DEPLOYMENT_TARGET = 15.0;
				MTL_ENABLE_DEBUG_INFO = NO;
				MTL_FAST_MATH = YES;
				SDKROOT = iphoneos;
				SWIFT_COMPILATION_MODE = wholemodule;
				SWIFT_OPTIMIZATION_LEVEL = "-O";
				VALIDATE_PRODUCT = YES;
			};
			name = Release;
		};
		6D47A64E27C5856D00F87CA2 /* Debug */ = {
			isa = XCBuildConfiguration;
			buildSettings = {
				ASSETCATALOG_COMPILER_APPICON_NAME = AppIcon;
				ASSETCATALOG_COMPILER_GLOBAL_ACCENT_COLOR_NAME = AccentColor;
				CODE_SIGN_STYLE = Automatic;
				CURRENT_PROJECT_VERSION = 1;
				GENERATE_INFOPLIST_FILE = YES;
				INFOPLIST_FILE = MyBills_RTDB/Resources/Info.plist;
				INFOPLIST_KEY_UIApplicationSupportsIndirectInputEvents = YES;
				INFOPLIST_KEY_UILaunchStoryboardName = LaunchScreen;
				INFOPLIST_KEY_UIMainStoryboardFile = Main;
				INFOPLIST_KEY_UISupportedInterfaceOrientations_iPad = "UIInterfaceOrientationPortrait UIInterfaceOrientationPortraitUpsideDown UIInterfaceOrientationLandscapeLeft UIInterfaceOrientationLandscapeRight";
				INFOPLIST_KEY_UISupportedInterfaceOrientations_iPhone = "UIInterfaceOrientationPortrait UIInterfaceOrientationLandscapeLeft UIInterfaceOrientationLandscapeRight";
				LD_RUNPATH_SEARCH_PATHS = (
					"$(inherited)",
					"@executable_path/Frameworks",
				);
				MARKETING_VERSION = 1.0;
				PRODUCT_BUNDLE_IDENTIFIER = "com.BWS.MyBills-RTDB";
				PRODUCT_NAME = "$(TARGET_NAME)";
				SWIFT_EMIT_LOC_STRINGS = YES;
				SWIFT_VERSION = 5.0;
				TARGETED_DEVICE_FAMILY = "1,2";
			};
			name = Debug;
		};
		6D47A64F27C5856D00F87CA2 /* Release */ = {
			isa = XCBuildConfiguration;
			buildSettings = {
				ASSETCATALOG_COMPILER_APPICON_NAME = AppIcon;
				ASSETCATALOG_COMPILER_GLOBAL_ACCENT_COLOR_NAME = AccentColor;
				CODE_SIGN_STYLE = Automatic;
				CURRENT_PROJECT_VERSION = 1;
				GENERATE_INFOPLIST_FILE = YES;
				INFOPLIST_FILE = MyBills_RTDB/Resources/Info.plist;
				INFOPLIST_KEY_UIApplicationSupportsIndirectInputEvents = YES;
				INFOPLIST_KEY_UILaunchStoryboardName = LaunchScreen;
				INFOPLIST_KEY_UIMainStoryboardFile = Main;
				INFOPLIST_KEY_UISupportedInterfaceOrientations_iPad = "UIInterfaceOrientationPortrait UIInterfaceOrientationPortraitUpsideDown UIInterfaceOrientationLandscapeLeft UIInterfaceOrientationLandscapeRight";
				INFOPLIST_KEY_UISupportedInterfaceOrientations_iPhone = "UIInterfaceOrientationPortrait UIInterfaceOrientationLandscapeLeft UIInterfaceOrientationLandscapeRight";
				LD_RUNPATH_SEARCH_PATHS = (
					"$(inherited)",
					"@executable_path/Frameworks",
				);
				MARKETING_VERSION = 1.0;
				PRODUCT_BUNDLE_IDENTIFIER = "com.BWS.MyBills-RTDB";
				PRODUCT_NAME = "$(TARGET_NAME)";
				SWIFT_EMIT_LOC_STRINGS = YES;
				SWIFT_VERSION = 5.0;
				TARGETED_DEVICE_FAMILY = "1,2";
			};
			name = Release;
		};
/* End XCBuildConfiguration section */

/* Begin XCConfigurationList section */
		6D47A63427C5856C00F87CA2 /* Build configuration list for PBXProject "MyBills_RTDB" */ = {
			isa = XCConfigurationList;
			buildConfigurations = (
				6D47A64B27C5856D00F87CA2 /* Debug */,
				6D47A64C27C5856D00F87CA2 /* Release */,
			);
			defaultConfigurationIsVisible = 0;
			defaultConfigurationName = Release;
		};
		6D47A64D27C5856D00F87CA2 /* Build configuration list for PBXNativeTarget "MyBills_RTDB" */ = {
			isa = XCConfigurationList;
			buildConfigurations = (
				6D47A64E27C5856D00F87CA2 /* Debug */,
				6D47A64F27C5856D00F87CA2 /* Release */,
			);
			defaultConfigurationIsVisible = 0;
			defaultConfigurationName = Release;
		};
/* End XCConfigurationList section */

/* Begin XCRemoteSwiftPackageReference section */
		6D5DC40927C6DA0E00642329 /* XCRemoteSwiftPackageReference "firebase-ios-sdk" */ = {
			isa = XCRemoteSwiftPackageReference;
			repositoryURL = "https://github.com/firebase/firebase-ios-sdk";
			requirement = {
				branch = master;
				kind = branch;
			};
		};
/* End XCRemoteSwiftPackageReference section */

/* Begin XCSwiftPackageProductDependency section */
		6D5DC40A27C6DA0E00642329 /* FirebaseAuth */ = {
			isa = XCSwiftPackageProductDependency;
			package = 6D5DC40927C6DA0E00642329 /* XCRemoteSwiftPackageReference "firebase-ios-sdk" */;
			productName = FirebaseAuth;
		};
		6D5DC40C27C6DA0E00642329 /* FirebaseDatabase */ = {
			isa = XCSwiftPackageProductDependency;
			package = 6D5DC40927C6DA0E00642329 /* XCRemoteSwiftPackageReference "firebase-ios-sdk" */;
			productName = FirebaseDatabase;
		};
		6D5DC40E27C6DA0E00642329 /* FirebaseDatabaseSwift-Beta */ = {
			isa = XCSwiftPackageProductDependency;
			package = 6D5DC40927C6DA0E00642329 /* XCRemoteSwiftPackageReference "firebase-ios-sdk" */;
			productName = "FirebaseDatabaseSwift-Beta";
		};
		6D74CE6827C8271C00476397 /* FirebaseFirestore */ = {
			isa = XCSwiftPackageProductDependency;
			package = 6D5DC40927C6DA0E00642329 /* XCRemoteSwiftPackageReference "firebase-ios-sdk" */;
			productName = FirebaseFirestore;
		};
		6D74CE6A27C8271C00476397 /* FirebaseStorage */ = {
			isa = XCSwiftPackageProductDependency;
			package = 6D5DC40927C6DA0E00642329 /* XCRemoteSwiftPackageReference "firebase-ios-sdk" */;
			productName = FirebaseStorage;
		};
/* End XCSwiftPackageProductDependency section */
	};
	rootObject = 6D47A63127C5856C00F87CA2 /* Project object */;
}
